
Microsoft Visual Studio Solution File, Format Version 12.00
# Visual Studio Version 16
VisualStudioVersion = 16.0.33328.57
MinimumVisualStudioVersion = 10.0.40219.1
Project("{FAE04EC0-301F-11D3-BF4B-00C04F79EFBC}") = "TryCatchAge", "TryCatchAge\TryCatchAge.csproj", "{0EFEF181-DC8E-4B5A-A5AE-4F5BB30D14CC}"
EndProject
Global
	GlobalSection(SolutionConfigurationPlatforms) = preSolution
		Debug|Any CPU = Debug|Any CPU
		Release|Any CPU = Release|Any CPU
	EndGlobalSection
	GlobalSection(ProjectConfigurationPlatforms) = postSolution
		{0EFEF181-DC8E-4B5A-A5AE-4F5BB30D14CC}.Debug|Any CPU.ActiveCfg = Debug|Any CPU
		{0EFEF181-DC8E-4B5A-A5AE-4F5BB30D14CC}.Debug|Any CPU.Build.0 = Debug|Any CPU
		{0EFEF181-DC8E-4B5A-A5AE-4F5BB30D14CC}.Release|Any CPU.ActiveCfg = Release|Any CPU
		{0EFEF181-DC8E-4B5A-A5AE-4F5BB30D14CC}.Release|Any CPU.Build.0 = Release|Any CPU
	EndGlobalSection
	GlobalSection(SolutionProperties) = preSolution
		HideSolutionNode = FALSE
	EndGlobalSection
	GlobalSection(ExtensibilityGlobals) = postSolution
		SolutionGuid = {6F3CA2D2-3B93-4096-A814-962CEAC3420A}
	EndGlobalSection
EndGlobal
