
Microsoft Visual Studio Solution File, Format Version 12.00
# Visual Studio Version 16
VisualStudioVersion = 16.0.33328.57
MinimumVisualStudioVersion = 10.0.40219.1
Project("{FAE04EC0-301F-11D3-BF4B-00C04F79EFBC}") = "MethodEX", "MethodEX\MethodEX.csproj", "{F0A1A799-25BB-4CDE-ADC3-AE2A8A62FF0D}"
EndProject
Global
	GlobalSection(SolutionConfigurationPlatforms) = preSolution
		Debug|Any CPU = Debug|Any CPU
		Release|Any CPU = Release|Any CPU
	EndGlobalSection
	GlobalSection(ProjectConfigurationPlatforms) = postSolution
		{F0A1A799-25BB-4CDE-ADC3-AE2A8A62FF0D}.Debug|Any CPU.ActiveCfg = Debug|Any CPU
		{F0A1A799-25BB-4CDE-ADC3-AE2A8A62FF0D}.Debug|Any CPU.Build.0 = Debug|Any CPU
		{F0A1A799-25BB-4CDE-ADC3-AE2A8A62FF0D}.Release|Any CPU.ActiveCfg = Release|Any CPU
		{F0A1A799-25BB-4CDE-ADC3-AE2A8A62FF0D}.Release|Any CPU.Build.0 = Release|Any CPU
	EndGlobalSection
	GlobalSection(SolutionProperties) = preSolution
		HideSolutionNode = FALSE
	EndGlobalSection
	GlobalSection(ExtensibilityGlobals) = postSolution
		SolutionGuid = {1DFD1D4F-8600-4319-BABD-B636BEB89464}
	EndGlobalSection
EndGlobal
