
Microsoft Visual Studio Solution File, Format Version 12.00
# Visual Studio Version 16
VisualStudioVersion = 16.0.33529.622
MinimumVisualStudioVersion = 10.0.40219.1
Project("{FAE04EC0-301F-11D3-BF4B-00C04F79EFBC}") = "ConsoleGames", "ConsoleGames\ConsoleGames.csproj", "{9D6C02D5-DF20-45AF-9219-88B08B9BE8CC}"
EndProject
Global
	GlobalSection(SolutionConfigurationPlatforms) = preSolution
		Debug|Any CPU = Debug|Any CPU
		Release|Any CPU = Release|Any CPU
	EndGlobalSection
	GlobalSection(ProjectConfigurationPlatforms) = postSolution
		{9D6C02D5-DF20-45AF-9219-88B08B9BE8CC}.Debug|Any CPU.ActiveCfg = Debug|Any CPU
		{9D6C02D5-DF20-45AF-9219-88B08B9BE8CC}.Debug|Any CPU.Build.0 = Debug|Any CPU
		{9D6C02D5-DF20-45AF-9219-88B08B9BE8CC}.Release|Any CPU.ActiveCfg = Release|Any CPU
		{9D6C02D5-DF20-45AF-9219-88B08B9BE8CC}.Release|Any CPU.Build.0 = Release|Any CPU
	EndGlobalSection
	GlobalSection(SolutionProperties) = preSolution
		HideSolutionNode = FALSE
	EndGlobalSection
	GlobalSection(ExtensibilityGlobals) = postSolution
		SolutionGuid = {264F8644-4878-4473-ABD9-6A6E02C24BD2}
	EndGlobalSection
EndGlobal
