
Microsoft Visual Studio Solution File, Format Version 12.00
# Visual Studio Version 17
VisualStudioVersion = 17.9.34728.123
MinimumVisualStudioVersion = 10.0.40219.1
Project("{FAE04EC0-301F-11D3-BF4B-00C04F79EFBC}") = "MoviExplorerApp", "MoviExplorerApp.csproj", "{05EC383E-E062-47B2-8A0A-E223A1392E32}"
EndProject
Global
	GlobalSection(SolutionConfigurationPlatforms) = preSolution
		Debug|Any CPU = Debug|Any CPU
		Release|Any CPU = Release|Any CPU
	EndGlobalSection
	GlobalSection(ProjectConfigurationPlatforms) = postSolution
		{05EC383E-E062-47B2-8A0A-E223A1392E32}.Debug|Any CPU.ActiveCfg = Debug|Any CPU
		{05EC383E-E062-47B2-8A0A-E223A1392E32}.Debug|Any CPU.Build.0 = Debug|Any CPU
		{05EC383E-E062-47B2-8A0A-E223A1392E32}.Release|Any CPU.ActiveCfg = Release|Any CPU
		{05EC383E-E062-47B2-8A0A-E223A1392E32}.Release|Any CPU.Build.0 = Release|Any CPU
	EndGlobalSection
	GlobalSection(SolutionProperties) = preSolution
		HideSolutionNode = FALSE
	EndGlobalSection
	GlobalSection(ExtensibilityGlobals) = postSolution
		SolutionGuid = {877B8130-AE40-43F6-80EA-8A2C6835559C}
	EndGlobalSection
EndGlobal
