
Microsoft Visual Studio Solution File, Format Version 12.00
# Visual Studio Version 17
VisualStudioVersion = 17.9.34723.18
MinimumVisualStudioVersion = 10.0.40219.1
Project("{FAE04EC0-301F-11D3-BF4B-00C04F79EFBC}") = "TurnBaseRPG", "TurnBaseRPG\TurnBaseRPG.csproj", "{11F5FE07-6ABD-46A7-AC62-EA16A345F93C}"
EndProject
Global
	GlobalSection(SolutionConfigurationPlatforms) = preSolution
		Debug|Any CPU = Debug|Any CPU
		Release|Any CPU = Release|Any CPU
	EndGlobalSection
	GlobalSection(ProjectConfigurationPlatforms) = postSolution
		{11F5FE07-6ABD-46A7-AC62-EA16A345F93C}.Debug|Any CPU.ActiveCfg = Debug|Any CPU
		{11F5FE07-6ABD-46A7-AC62-EA16A345F93C}.Debug|Any CPU.Build.0 = Debug|Any CPU
		{11F5FE07-6ABD-46A7-AC62-EA16A345F93C}.Release|Any CPU.ActiveCfg = Release|Any CPU
		{11F5FE07-6ABD-46A7-AC62-EA16A345F93C}.Release|Any CPU.Build.0 = Release|Any CPU
	EndGlobalSection
	GlobalSection(SolutionProperties) = preSolution
		HideSolutionNode = FALSE
	EndGlobalSection
	GlobalSection(ExtensibilityGlobals) = postSolution
		SolutionGuid = {6EA5C2EB-584F-4A99-A752-47DDE32E2BA9}
	EndGlobalSection
EndGlobal
