
Microsoft Visual Studio Solution File, Format Version 12.00
# Visual Studio Version 17
VisualStudioVersion = 17.9.34728.123
MinimumVisualStudioVersion = 10.0.40219.1
Project("{FAE04EC0-301F-11D3-BF4B-00C04F79EFBC}") = "eBookShop", "eBookShop.csproj", "{647AE27D-7D42-4377-9CBE-58F7F3226C38}"
EndProject
Global
	GlobalSection(SolutionConfigurationPlatforms) = preSolution
		Debug|Any CPU = Debug|Any CPU
		Release|Any CPU = Release|Any CPU
	EndGlobalSection
	GlobalSection(ProjectConfigurationPlatforms) = postSolution
		{647AE27D-7D42-4377-9CBE-58F7F3226C38}.Debug|Any CPU.ActiveCfg = Debug|Any CPU
		{647AE27D-7D42-4377-9CBE-58F7F3226C38}.Debug|Any CPU.Build.0 = Debug|Any CPU
		{647AE27D-7D42-4377-9CBE-58F7F3226C38}.Release|Any CPU.ActiveCfg = Release|Any CPU
		{647AE27D-7D42-4377-9CBE-58F7F3226C38}.Release|Any CPU.Build.0 = Release|Any CPU
	EndGlobalSection
	GlobalSection(SolutionProperties) = preSolution
		HideSolutionNode = FALSE
	EndGlobalSection
	GlobalSection(ExtensibilityGlobals) = postSolution
		SolutionGuid = {E7075A51-606B-41A2-A5AB-6C24F3866CCE}
	EndGlobalSection
EndGlobal
