
Microsoft Visual Studio Solution File, Format Version 12.00
# Visual Studio Version 16
VisualStudioVersion = 16.0.33328.57
MinimumVisualStudioVersion = 10.0.40219.1
Project("{9A19103F-16F7-4668-BE54-9A1E7A4F7556}") = "TwentyOne", "TwentyOne\TwentyOne.csproj", "{C71B5CB5-5293-4646-9B72-981F03724EEC}"
EndProject
Project("{FAE04EC0-301F-11D3-BF4B-00C04F79EFBC}") = "Casino", "Casino\Casino.csproj", "{518F252E-1F0F-4DF1-94B4-64FCEEA6F4E1}"
EndProject
Global
	GlobalSection(SolutionConfigurationPlatforms) = preSolution
		Debug|Any CPU = Debug|Any CPU
		Release|Any CPU = Release|Any CPU
	EndGlobalSection
	GlobalSection(ProjectConfigurationPlatforms) = postSolution
		{C71B5CB5-5293-4646-9B72-981F03724EEC}.Debug|Any CPU.ActiveCfg = Debug|Any CPU
		{C71B5CB5-5293-4646-9B72-981F03724EEC}.Debug|Any CPU.Build.0 = Debug|Any CPU
		{C71B5CB5-5293-4646-9B72-981F03724EEC}.Release|Any CPU.ActiveCfg = Release|Any CPU
		{C71B5CB5-5293-4646-9B72-981F03724EEC}.Release|Any CPU.Build.0 = Release|Any CPU
		{518F252E-1F0F-4DF1-94B4-64FCEEA6F4E1}.Debug|Any CPU.ActiveCfg = Debug|Any CPU
		{518F252E-1F0F-4DF1-94B4-64FCEEA6F4E1}.Debug|Any CPU.Build.0 = Debug|Any CPU
		{518F252E-1F0F-4DF1-94B4-64FCEEA6F4E1}.Release|Any CPU.ActiveCfg = Release|Any CPU
		{518F252E-1F0F-4DF1-94B4-64FCEEA6F4E1}.Release|Any CPU.Build.0 = Release|Any CPU
	EndGlobalSection
	GlobalSection(SolutionProperties) = preSolution
		HideSolutionNode = FALSE
	EndGlobalSection
	GlobalSection(ExtensibilityGlobals) = postSolution
		SolutionGuid = {6B915255-A53A-4CF8-BC17-3B7FF8240979}
	EndGlobalSection
EndGlobal
