
Microsoft Visual Studio Solution File, Format Version 12.00
# Visual Studio Version 16
VisualStudioVersion = 16.0.33328.57
MinimumVisualStudioVersion = 10.0.40219.1
Project("{FAE04EC0-301F-11D3-BF4B-00C04F79EFBC}") = "Loops", "Loops\Loops.csproj", "{6573FF57-2F9F-4AF6-906E-0258DC5D2838}"
EndProject
Global
	GlobalSection(SolutionConfigurationPlatforms) = preSolution
		Debug|Any CPU = Debug|Any CPU
		Release|Any CPU = Release|Any CPU
	EndGlobalSection
	GlobalSection(ProjectConfigurationPlatforms) = postSolution
		{6573FF57-2F9F-4AF6-906E-0258DC5D2838}.Debug|Any CPU.ActiveCfg = Debug|Any CPU
		{6573FF57-2F9F-4AF6-906E-0258DC5D2838}.Debug|Any CPU.Build.0 = Debug|Any CPU
		{6573FF57-2F9F-4AF6-906E-0258DC5D2838}.Release|Any CPU.ActiveCfg = Release|Any CPU
		{6573FF57-2F9F-4AF6-906E-0258DC5D2838}.Release|Any CPU.Build.0 = Release|Any CPU
	EndGlobalSection
	GlobalSection(SolutionProperties) = preSolution
		HideSolutionNode = FALSE
	EndGlobalSection
	GlobalSection(ExtensibilityGlobals) = postSolution
		SolutionGuid = {ED6EE245-0E3F-4A74-ADBA-CF62E038FB00}
	EndGlobalSection
EndGlobal
