
Microsoft Visual Studio Solution File, Format Version 12.00
# Visual Studio Version 16
VisualStudioVersion = 16.0.33328.57
MinimumVisualStudioVersion = 10.0.40219.1
Project("{FAE04EC0-301F-11D3-BF4B-00C04F79EFBC}") = "TechAcademyStudentsMVC", "TechAcademyStudentsMVC\TechAcademyStudentsMVC.csproj", "{19F8C782-2284-4AC9-9CCF-AD4C5010E9D8}"
EndProject
Global
	GlobalSection(SolutionConfigurationPlatforms) = preSolution
		Debug|Any CPU = Debug|Any CPU
		Release|Any CPU = Release|Any CPU
	EndGlobalSection
	GlobalSection(ProjectConfigurationPlatforms) = postSolution
		{19F8C782-2284-4AC9-9CCF-AD4C5010E9D8}.Debug|Any CPU.ActiveCfg = Debug|Any CPU
		{19F8C782-2284-4AC9-9CCF-AD4C5010E9D8}.Debug|Any CPU.Build.0 = Debug|Any CPU
		{19F8C782-2284-4AC9-9CCF-AD4C5010E9D8}.Release|Any CPU.ActiveCfg = Release|Any CPU
		{19F8C782-2284-4AC9-9CCF-AD4C5010E9D8}.Release|Any CPU.Build.0 = Release|Any CPU
	EndGlobalSection
	GlobalSection(SolutionProperties) = preSolution
		HideSolutionNode = FALSE
	EndGlobalSection
	GlobalSection(ExtensibilityGlobals) = postSolution
		SolutionGuid = {A57EA3C5-3E5F-4DB0-8656-8F80B8D960E2}
	EndGlobalSection
EndGlobal
