
Microsoft Visual Studio Solution File, Format Version 12.00
# Visual Studio Version 16
VisualStudioVersion = 16.0.33328.57
MinimumVisualStudioVersion = 10.0.40219.1
Project("{FAE04EC0-301F-11D3-BF4B-00C04F79EFBC}") = "WebApplicationTutorial", "WebApplicationTutorial\WebApplicationTutorial.csproj", "{75BBE1A3-4E56-4EF7-94C3-B15251B12BEB}"
EndProject
Global
	GlobalSection(SolutionConfigurationPlatforms) = preSolution
		Debug|Any CPU = Debug|Any CPU
		Release|Any CPU = Release|Any CPU
	EndGlobalSection
	GlobalSection(ProjectConfigurationPlatforms) = postSolution
		{75BBE1A3-4E56-4EF7-94C3-B15251B12BEB}.Debug|Any CPU.ActiveCfg = Debug|Any CPU
		{75BBE1A3-4E56-4EF7-94C3-B15251B12BEB}.Debug|Any CPU.Build.0 = Debug|Any CPU
		{75BBE1A3-4E56-4EF7-94C3-B15251B12BEB}.Release|Any CPU.ActiveCfg = Release|Any CPU
		{75BBE1A3-4E56-4EF7-94C3-B15251B12BEB}.Release|Any CPU.Build.0 = Release|Any CPU
	EndGlobalSection
	GlobalSection(SolutionProperties) = preSolution
		HideSolutionNode = FALSE
	EndGlobalSection
	GlobalSection(ExtensibilityGlobals) = postSolution
		SolutionGuid = {E68DC2EC-C689-4DFA-B4A6-720A847926B6}
	EndGlobalSection
EndGlobal
