
Microsoft Visual Studio Solution File, Format Version 12.00
# Visual Studio Version 16
VisualStudioVersion = 16.0.33328.57
MinimumVisualStudioVersion = 10.0.40219.1
Project("{FAE04EC0-301F-11D3-BF4B-00C04F79EFBC}") = "MethodVoid", "MethodVoid\MethodVoid.csproj", "{6EBA2C10-0860-4DF6-8EB7-2849678BF80B}"
EndProject
Global
	GlobalSection(SolutionConfigurationPlatforms) = preSolution
		Debug|Any CPU = Debug|Any CPU
		Release|Any CPU = Release|Any CPU
	EndGlobalSection
	GlobalSection(ProjectConfigurationPlatforms) = postSolution
		{6EBA2C10-0860-4DF6-8EB7-2849678BF80B}.Debug|Any CPU.ActiveCfg = Debug|Any CPU
		{6EBA2C10-0860-4DF6-8EB7-2849678BF80B}.Debug|Any CPU.Build.0 = Debug|Any CPU
		{6EBA2C10-0860-4DF6-8EB7-2849678BF80B}.Release|Any CPU.ActiveCfg = Release|Any CPU
		{6EBA2C10-0860-4DF6-8EB7-2849678BF80B}.Release|Any CPU.Build.0 = Release|Any CPU
	EndGlobalSection
	GlobalSection(SolutionProperties) = preSolution
		HideSolutionNode = FALSE
	EndGlobalSection
	GlobalSection(ExtensibilityGlobals) = postSolution
		SolutionGuid = {A8EBB22C-D89C-4252-841E-8A1DD9FC093F}
	EndGlobalSection
EndGlobal
