
Microsoft Visual Studio Solution File, Format Version 12.00
# Visual Studio Version 16
VisualStudioVersion = 16.0.33529.622
MinimumVisualStudioVersion = 10.0.40219.1
Project("{FAE04EC0-301F-11D3-BF4B-00C04F79EFBC}") = "OverLoadApp", "OverLoadApp\OverLoadApp.csproj", "{C8D9A061-13D9-466A-95C9-0A15493B6BC2}"
EndProject
Global
	GlobalSection(SolutionConfigurationPlatforms) = preSolution
		Debug|Any CPU = Debug|Any CPU
		Release|Any CPU = Release|Any CPU
	EndGlobalSection
	GlobalSection(ProjectConfigurationPlatforms) = postSolution
		{C8D9A061-13D9-466A-95C9-0A15493B6BC2}.Debug|Any CPU.ActiveCfg = Debug|Any CPU
		{C8D9A061-13D9-466A-95C9-0A15493B6BC2}.Debug|Any CPU.Build.0 = Debug|Any CPU
		{C8D9A061-13D9-466A-95C9-0A15493B6BC2}.Release|Any CPU.ActiveCfg = Release|Any CPU
		{C8D9A061-13D9-466A-95C9-0A15493B6BC2}.Release|Any CPU.Build.0 = Release|Any CPU
	EndGlobalSection
	GlobalSection(SolutionProperties) = preSolution
		HideSolutionNode = FALSE
	EndGlobalSection
	GlobalSection(ExtensibilityGlobals) = postSolution
		SolutionGuid = {1187826D-CA44-40E5-B1DE-85E780A421EF}
	EndGlobalSection
EndGlobal
