
Microsoft Visual Studio Solution File, Format Version 12.00
# Visual Studio Version 16
VisualStudioVersion = 16.0.34729.46
MinimumVisualStudioVersion = 10.0.40219.1
Project("{9A19103F-16F7-4668-BE54-9A1E7A4F7556}") = "ApiClient", "ApiClient.csproj", "{D786EC9B-E3E1-4DE3-AD5E-68A1DF40ECE5}"
EndProject
Global
	GlobalSection(SolutionConfigurationPlatforms) = preSolution
		Debug|Any CPU = Debug|Any CPU
		Release|Any CPU = Release|Any CPU
	EndGlobalSection
	GlobalSection(ProjectConfigurationPlatforms) = postSolution
		{D786EC9B-E3E1-4DE3-AD5E-68A1DF40ECE5}.Debug|Any CPU.ActiveCfg = Debug|Any CPU
		{D786EC9B-E3E1-4DE3-AD5E-68A1DF40ECE5}.Debug|Any CPU.Build.0 = Debug|Any CPU
		{D786EC9B-E3E1-4DE3-AD5E-68A1DF40ECE5}.Release|Any CPU.ActiveCfg = Release|Any CPU
		{D786EC9B-E3E1-4DE3-AD5E-68A1DF40ECE5}.Release|Any CPU.Build.0 = Release|Any CPU
	EndGlobalSection
	GlobalSection(SolutionProperties) = preSolution
		HideSolutionNode = FALSE
	EndGlobalSection
	GlobalSection(ExtensibilityGlobals) = postSolution
		SolutionGuid = {62592A86-847D-470F-AA17-2A49A8AA7F95}
	EndGlobalSection
EndGlobal
