
Microsoft Visual Studio Solution File, Format Version 12.00
# Visual Studio Version 16
VisualStudioVersion = 16.0.33328.57
MinimumVisualStudioVersion = 10.0.40219.1
Project("{FAE04EC0-301F-11D3-BF4B-00C04F79EFBC}") = "MainMethod", "MainMethod\MainMethod.csproj", "{8A712D65-B7A6-4C89-BC74-9DC7F7FF3F1D}"
EndProject
Global
	GlobalSection(SolutionConfigurationPlatforms) = preSolution
		Debug|Any CPU = Debug|Any CPU
		Release|Any CPU = Release|Any CPU
	EndGlobalSection
	GlobalSection(ProjectConfigurationPlatforms) = postSolution
		{8A712D65-B7A6-4C89-BC74-9DC7F7FF3F1D}.Debug|Any CPU.ActiveCfg = Debug|Any CPU
		{8A712D65-B7A6-4C89-BC74-9DC7F7FF3F1D}.Debug|Any CPU.Build.0 = Debug|Any CPU
		{8A712D65-B7A6-4C89-BC74-9DC7F7FF3F1D}.Release|Any CPU.ActiveCfg = Release|Any CPU
		{8A712D65-B7A6-4C89-BC74-9DC7F7FF3F1D}.Release|Any CPU.Build.0 = Release|Any CPU
	EndGlobalSection
	GlobalSection(SolutionProperties) = preSolution
		HideSolutionNode = FALSE
	EndGlobalSection
	GlobalSection(ExtensibilityGlobals) = postSolution
		SolutionGuid = {26A616D2-18A2-46BB-B625-2397AAA502D6}
	EndGlobalSection
EndGlobal
