
Microsoft Visual Studio Solution File, Format Version 12.00
# Visual Studio Version 17
VisualStudioVersion = 17.10.35004.147
MinimumVisualStudioVersion = 10.0.40219.1
Project("{FAE04EC0-301F-11D3-BF4B-00C04F79EFBC}") = "GeoCode", "GeoCode.csproj", "{8223F808-9F58-4EC9-8078-2E81D62CD029}"
EndProject
Global
	GlobalSection(SolutionConfigurationPlatforms) = preSolution
		Debug|Any CPU = Debug|Any CPU
		Release|Any CPU = Release|Any CPU
	EndGlobalSection
	GlobalSection(ProjectConfigurationPlatforms) = postSolution
		{8223F808-9F58-4EC9-8078-2E81D62CD029}.Debug|Any CPU.ActiveCfg = Debug|Any CPU
		{8223F808-9F58-4EC9-8078-2E81D62CD029}.Debug|Any CPU.Build.0 = Debug|Any CPU
		{8223F808-9F58-4EC9-8078-2E81D62CD029}.Release|Any CPU.ActiveCfg = Release|Any CPU
		{8223F808-9F58-4EC9-8078-2E81D62CD029}.Release|Any CPU.Build.0 = Release|Any CPU
	EndGlobalSection
	GlobalSection(SolutionProperties) = preSolution
		HideSolutionNode = FALSE
	EndGlobalSection
	GlobalSection(ExtensibilityGlobals) = postSolution
		SolutionGuid = {C9D1524C-FCB6-49CF-AE9F-0593E33DBC4B}
	EndGlobalSection
EndGlobal
