
Microsoft Visual Studio Solution File, Format Version 12.00
# Visual Studio Version 16
VisualStudioVersion = 16.0.33328.57
MinimumVisualStudioVersion = 10.0.40219.1
Project("{FAE04EC0-301F-11D3-BF4B-00C04F79EFBC}") = "SnakeApp", "SnakeApp\SnakeApp.csproj", "{6667914A-3D90-4DE3-BA58-447043403756}"
EndProject
Global
	GlobalSection(SolutionConfigurationPlatforms) = preSolution
		Debug|Any CPU = Debug|Any CPU
		Release|Any CPU = Release|Any CPU
	EndGlobalSection
	GlobalSection(ProjectConfigurationPlatforms) = postSolution
		{6667914A-3D90-4DE3-BA58-447043403756}.Debug|Any CPU.ActiveCfg = Debug|Any CPU
		{6667914A-3D90-4DE3-BA58-447043403756}.Debug|Any CPU.Build.0 = Debug|Any CPU
		{6667914A-3D90-4DE3-BA58-447043403756}.Release|Any CPU.ActiveCfg = Release|Any CPU
		{6667914A-3D90-4DE3-BA58-447043403756}.Release|Any CPU.Build.0 = Release|Any CPU
	EndGlobalSection
	GlobalSection(SolutionProperties) = preSolution
		HideSolutionNode = FALSE
	EndGlobalSection
	GlobalSection(ExtensibilityGlobals) = postSolution
		SolutionGuid = {88250D47-24D0-4200-A1BF-5BD8BF3B5D3E}
	EndGlobalSection
EndGlobal
