
Microsoft Visual Studio Solution File, Format Version 12.00
# Visual Studio Version 16
VisualStudioVersion = 16.0.33328.57
MinimumVisualStudioVersion = 10.0.40219.1
Project("{FAE04EC0-301F-11D3-BF4B-00C04F79EFBC}") = "RandomInteger", "RandomInteger\RandomInteger.csproj", "{F716FF51-BF5D-4AFD-BE75-4A825D924D00}"
EndProject
Global
	GlobalSection(SolutionConfigurationPlatforms) = preSolution
		Debug|Any CPU = Debug|Any CPU
		Release|Any CPU = Release|Any CPU
	EndGlobalSection
	GlobalSection(ProjectConfigurationPlatforms) = postSolution
		{F716FF51-BF5D-4AFD-BE75-4A825D924D00}.Debug|Any CPU.ActiveCfg = Debug|Any CPU
		{F716FF51-BF5D-4AFD-BE75-4A825D924D00}.Debug|Any CPU.Build.0 = Debug|Any CPU
		{F716FF51-BF5D-4AFD-BE75-4A825D924D00}.Release|Any CPU.ActiveCfg = Release|Any CPU
		{F716FF51-BF5D-4AFD-BE75-4A825D924D00}.Release|Any CPU.Build.0 = Release|Any CPU
	EndGlobalSection
	GlobalSection(SolutionProperties) = preSolution
		HideSolutionNode = FALSE
	EndGlobalSection
	GlobalSection(ExtensibilityGlobals) = postSolution
		SolutionGuid = {AB5FA5DB-285C-469E-BF8F-988300FE2303}
	EndGlobalSection
EndGlobal
